
Microsoft Visual Studio Solution File, Format Version 12.00
# Visual Studio Version 17
VisualStudioVersion = 17.0.31903.59
MinimumVisualStudioVersion = 10.0.40219.1
Project("{2150E333-8FDC-42A3-9474-1A3956D46DE8}") = "src", "src", "{827E0CD3-B72D-47B6-A68D-7590B98EB39B}"
EndProject
Project("{2150E333-8FDC-42A3-9474-1A3956D46DE8}") = "tests", "tests", "{C1234567-89AB-CDEF-0123-456789ABCDEF}"
EndProject
Project("{FAE04EC0-301F-11D3-BF4B-00C04F79EFBC}") = "GodGames.Domain", "src\GodGames.Domain\GodGames.Domain.csproj", "{5FD36065-96BF-4341-844F-2047E34D28AE}"
EndProject
Project("{FAE04EC0-301F-11D3-BF4B-00C04F79EFBC}") = "GodGames.Application", "src\GodGames.Application\GodGames.Application.csproj", "{ABADD167-32F6-40D7-B12C-6D9CBEE107ED}"
EndProject
Project("{FAE04EC0-301F-11D3-BF4B-00C04F79EFBC}") = "GodGames.Infrastructure", "src\GodGames.Infrastructure\GodGames.Infrastructure.csproj", "{7CB45010-F251-48AE-8AF1-0160621A4F61}"
EndProject
Project("{FAE04EC0-301F-11D3-BF4B-00C04F79EFBC}") = "GodGames.AI", "src\GodGames.AI\GodGames.AI.csproj", "{A80059E2-FC9C-4888-ABA6-F4E631CE3C8F}"
EndProject
Project("{FAE04EC0-301F-11D3-BF4B-00C04F79EFBC}") = "GodGames.API", "src\GodGames.API\GodGames.API.csproj", "{E669BBB8-9754-40C7-A6C1-A97B271CCD85}"
EndProject
Project("{FAE04EC0-301F-11D3-BF4B-00C04F79EFBC}") = "GodGames.Worker", "src\GodGames.Worker\GodGames.Worker.csproj", "{21E5C92F-D197-467E-AA14-DFAF35DEEBDB}"
EndProject
Project("{FAE04EC0-301F-11D3-BF4B-00C04F79EFBC}") = "GodGames.Web", "src\GodGames.Web\GodGames.Web.csproj", "{9DF2121C-2DE0-48DB-9A04-5AD12BEC5966}"
EndProject
Project("{FAE04EC0-301F-11D3-BF4B-00C04F79EFBC}") = "GodGames.Tests.Unit", "tests\GodGames.Tests.Unit\GodGames.Tests.Unit.csproj", "{53581C87-6257-4584-8240-CD1926267FD7}"
EndProject
Project("{FAE04EC0-301F-11D3-BF4B-00C04F79EFBC}") = "GodGames.Tests.Integration", "tests\GodGames.Tests.Integration\GodGames.Tests.Integration.csproj", "{8999D791-0697-4F6E-8D86-560E98D92F15}"
EndProject
Global
	GlobalSection(SolutionConfigurationPlatforms) = preSolution
		Debug|Any CPU = Debug|Any CPU
		Debug|x64 = Debug|x64
		Debug|x86 = Debug|x86
		Release|Any CPU = Release|Any CPU
		Release|x64 = Release|x64
		Release|x86 = Release|x86
	EndGlobalSection
	GlobalSection(ProjectConfigurationPlatforms) = postSolution
		{5FD36065-96BF-4341-844F-2047E34D28AE}.Debug|Any CPU.ActiveCfg = Debug|Any CPU
		{5FD36065-96BF-4341-844F-2047E34D28AE}.Debug|Any CPU.Build.0 = Debug|Any CPU
		{5FD36065-96BF-4341-844F-2047E34D28AE}.Debug|x64.ActiveCfg = Debug|Any CPU
		{5FD36065-96BF-4341-844F-2047E34D28AE}.Debug|x64.Build.0 = Debug|Any CPU
		{5FD36065-96BF-4341-844F-2047E34D28AE}.Debug|x86.ActiveCfg = Debug|Any CPU
		{5FD36065-96BF-4341-844F-2047E34D28AE}.Debug|x86.Build.0 = Debug|Any CPU
		{5FD36065-96BF-4341-844F-2047E34D28AE}.Release|Any CPU.ActiveCfg = Release|Any CPU
		{5FD36065-96BF-4341-844F-2047E34D28AE}.Release|Any CPU.Build.0 = Release|Any CPU
		{5FD36065-96BF-4341-844F-2047E34D28AE}.Release|x64.ActiveCfg = Release|Any CPU
		{5FD36065-96BF-4341-844F-2047E34D28AE}.Release|x64.Build.0 = Release|Any CPU
		{5FD36065-96BF-4341-844F-2047E34D28AE}.Release|x86.ActiveCfg = Release|Any CPU
		{5FD36065-96BF-4341-844F-2047E34D28AE}.Release|x86.Build.0 = Release|Any CPU
		{ABADD167-32F6-40D7-B12C-6D9CBEE107ED}.Debug|Any CPU.ActiveCfg = Debug|Any CPU
		{ABADD167-32F6-40D7-B12C-6D9CBEE107ED}.Debug|Any CPU.Build.0 = Debug|Any CPU
		{ABADD167-32F6-40D7-B12C-6D9CBEE107ED}.Debug|x64.ActiveCfg = Debug|Any CPU
		{ABADD167-32F6-40D7-B12C-6D9CBEE107ED}.Debug|x64.Build.0 = Debug|Any CPU
		{ABADD167-32F6-40D7-B12C-6D9CBEE107ED}.Debug|x86.ActiveCfg = Debug|Any CPU
		{ABADD167-32F6-40D7-B12C-6D9CBEE107ED}.Debug|x86.Build.0 = Debug|Any CPU
		{ABADD167-32F6-40D7-B12C-6D9CBEE107ED}.Release|Any CPU.ActiveCfg = Release|Any CPU
		{ABADD167-32F6-40D7-B12C-6D9CBEE107ED}.Release|Any CPU.Build.0 = Release|Any CPU
		{ABADD167-32F6-40D7-B12C-6D9CBEE107ED}.Release|x64.ActiveCfg = Release|Any CPU
		{ABADD167-32F6-40D7-B12C-6D9CBEE107ED}.Release|x64.Build.0 = Release|Any CPU
		{ABADD167-32F6-40D7-B12C-6D9CBEE107ED}.Release|x86.ActiveCfg = Release|Any CPU
		{ABADD167-32F6-40D7-B12C-6D9CBEE107ED}.Release|x86.Build.0 = Release|Any CPU
		{7CB45010-F251-48AE-8AF1-0160621A4F61}.Debug|Any CPU.ActiveCfg = Debug|Any CPU
		{7CB45010-F251-48AE-8AF1-0160621A4F61}.Debug|Any CPU.Build.0 = Debug|Any CPU
		{7CB45010-F251-48AE-8AF1-0160621A4F61}.Debug|x64.ActiveCfg = Debug|Any CPU
		{7CB45010-F251-48AE-8AF1-0160621A4F61}.Debug|x64.Build.0 = Debug|Any CPU
		{7CB45010-F251-48AE-8AF1-0160621A4F61}.Debug|x86.ActiveCfg = Debug|Any CPU
		{7CB45010-F251-48AE-8AF1-0160621A4F61}.Debug|x86.Build.0 = Debug|Any CPU
		{7CB45010-F251-48AE-8AF1-0160621A4F61}.Release|Any CPU.ActiveCfg = Release|Any CPU
		{7CB45010-F251-48AE-8AF1-0160621A4F61}.Release|Any CPU.Build.0 = Release|Any CPU
		{7CB45010-F251-48AE-8AF1-0160621A4F61}.Release|x64.ActiveCfg = Release|Any CPU
		{7CB45010-F251-48AE-8AF1-0160621A4F61}.Release|x64.Build.0 = Release|Any CPU
		{7CB45010-F251-48AE-8AF1-0160621A4F61}.Release|x86.ActiveCfg = Release|Any CPU
		{7CB45010-F251-48AE-8AF1-0160621A4F61}.Release|x86.Build.0 = Release|Any CPU
		{A80059E2-FC9C-4888-ABA6-F4E631CE3C8F}.Debug|Any CPU.ActiveCfg = Debug|Any CPU
		{A80059E2-FC9C-4888-ABA6-F4E631CE3C8F}.Debug|Any CPU.Build.0 = Debug|Any CPU
		{A80059E2-FC9C-4888-ABA6-F4E631CE3C8F}.Debug|x64.ActiveCfg = Debug|Any CPU
		{A80059E2-FC9C-4888-ABA6-F4E631CE3C8F}.Debug|x64.Build.0 = Debug|Any CPU
		{A80059E2-FC9C-4888-ABA6-F4E631CE3C8F}.Debug|x86.ActiveCfg = Debug|Any CPU
		{A80059E2-FC9C-4888-ABA6-F4E631CE3C8F}.Debug|x86.Build.0 = Debug|Any CPU
		{A80059E2-FC9C-4888-ABA6-F4E631CE3C8F}.Release|Any CPU.ActiveCfg = Release|Any CPU
		{A80059E2-FC9C-4888-ABA6-F4E631CE3C8F}.Release|Any CPU.Build.0 = Release|Any CPU
		{A80059E2-FC9C-4888-ABA6-F4E631CE3C8F}.Release|x64.ActiveCfg = Release|Any CPU
		{A80059E2-FC9C-4888-ABA6-F4E631CE3C8F}.Release|x64.Build.0 = Release|Any CPU
		{A80059E2-FC9C-4888-ABA6-F4E631CE3C8F}.Release|x86.ActiveCfg = Release|Any CPU
		{A80059E2-FC9C-4888-ABA6-F4E631CE3C8F}.Release|x86.Build.0 = Release|Any CPU
		{E669BBB8-9754-40C7-A6C1-A97B271CCD85}.Debug|Any CPU.ActiveCfg = Debug|Any CPU
		{E669BBB8-9754-40C7-A6C1-A97B271CCD85}.Debug|Any CPU.Build.0 = Debug|Any CPU
		{E669BBB8-9754-40C7-A6C1-A97B271CCD85}.Debug|x64.ActiveCfg = Debug|Any CPU
		{E669BBB8-9754-40C7-A6C1-A97B271CCD85}.Debug|x64.Build.0 = Debug|Any CPU
		{E669BBB8-9754-40C7-A6C1-A97B271CCD85}.Debug|x86.ActiveCfg = Debug|Any CPU
		{E669BBB8-9754-40C7-A6C1-A97B271CCD85}.Debug|x86.Build.0 = Debug|Any CPU
		{E669BBB8-9754-40C7-A6C1-A97B271CCD85}.Release|Any CPU.ActiveCfg = Release|Any CPU
		{E669BBB8-9754-40C7-A6C1-A97B271CCD85}.Release|Any CPU.Build.0 = Release|Any CPU
		{E669BBB8-9754-40C7-A6C1-A97B271CCD85}.Release|x64.ActiveCfg = Release|Any CPU
		{E669BBB8-9754-40C7-A6C1-A97B271CCD85}.Release|x64.Build.0 = Release|Any CPU
		{E669BBB8-9754-40C7-A6C1-A97B271CCD85}.Release|x86.ActiveCfg = Release|Any CPU
		{E669BBB8-9754-40C7-A6C1-A97B271CCD85}.Release|x86.Build.0 = Release|Any CPU
		{21E5C92F-D197-467E-AA14-DFAF35DEEBDB}.Debug|Any CPU.ActiveCfg = Debug|Any CPU
		{21E5C92F-D197-467E-AA14-DFAF35DEEBDB}.Debug|Any CPU.Build.0 = Debug|Any CPU
		{21E5C92F-D197-467E-AA14-DFAF35DEEBDB}.Debug|x64.ActiveCfg = Debug|Any CPU
		{21E5C92F-D197-467E-AA14-DFAF35DEEBDB}.Debug|x64.Build.0 = Debug|Any CPU
		{21E5C92F-D197-467E-AA14-DFAF35DEEBDB}.Debug|x86.ActiveCfg = Debug|Any CPU
		{21E5C92F-D197-467E-AA14-DFAF35DEEBDB}.Debug|x86.Build.0 = Debug|Any CPU
		{21E5C92F-D197-467E-AA14-DFAF35DEEBDB}.Release|Any CPU.ActiveCfg = Release|Any CPU
		{21E5C92F-D197-467E-AA14-DFAF35DEEBDB}.Release|Any CPU.Build.0 = Release|Any CPU
		{21E5C92F-D197-467E-AA14-DFAF35DEEBDB}.Release|x64.ActiveCfg = Release|Any CPU
		{21E5C92F-D197-467E-AA14-DFAF35DEEBDB}.Release|x64.Build.0 = Release|Any CPU
		{21E5C92F-D197-467E-AA14-DFAF35DEEBDB}.Release|x86.ActiveCfg = Release|Any CPU
		{21E5C92F-D197-467E-AA14-DFAF35DEEBDB}.Release|x86.Build.0 = Release|Any CPU
		{9DF2121C-2DE0-48DB-9A04-5AD12BEC5966}.Debug|Any CPU.ActiveCfg = Debug|Any CPU
		{9DF2121C-2DE0-48DB-9A04-5AD12BEC5966}.Debug|Any CPU.Build.0 = Debug|Any CPU
		{9DF2121C-2DE0-48DB-9A04-5AD12BEC5966}.Debug|x64.ActiveCfg = Debug|Any CPU
		{9DF2121C-2DE0-48DB-9A04-5AD12BEC5966}.Debug|x64.Build.0 = Debug|Any CPU
		{9DF2121C-2DE0-48DB-9A04-5AD12BEC5966}.Debug|x86.ActiveCfg = Debug|Any CPU
		{9DF2121C-2DE0-48DB-9A04-5AD12BEC5966}.Debug|x86.Build.0 = Debug|Any CPU
		{9DF2121C-2DE0-48DB-9A04-5AD12BEC5966}.Release|Any CPU.ActiveCfg = Release|Any CPU
		{9DF2121C-2DE0-48DB-9A04-5AD12BEC5966}.Release|Any CPU.Build.0 = Release|Any CPU
		{9DF2121C-2DE0-48DB-9A04-5AD12BEC5966}.Release|x64.ActiveCfg = Release|Any CPU
		{9DF2121C-2DE0-48DB-9A04-5AD12BEC5966}.Release|x64.Build.0 = Release|Any CPU
		{9DF2121C-2DE0-48DB-9A04-5AD12BEC5966}.Release|x86.ActiveCfg = Release|Any CPU
		{9DF2121C-2DE0-48DB-9A04-5AD12BEC5966}.Release|x86.Build.0 = Release|Any CPU
		{53581C87-6257-4584-8240-CD1926267FD7}.Debug|Any CPU.ActiveCfg = Debug|Any CPU
		{53581C87-6257-4584-8240-CD1926267FD7}.Debug|Any CPU.Build.0 = Debug|Any CPU
		{53581C87-6257-4584-8240-CD1926267FD7}.Debug|x64.ActiveCfg = Debug|Any CPU
		{53581C87-6257-4584-8240-CD1926267FD7}.Debug|x64.Build.0 = Debug|Any CPU
		{53581C87-6257-4584-8240-CD1926267FD7}.Debug|x86.ActiveCfg = Debug|Any CPU
		{53581C87-6257-4584-8240-CD1926267FD7}.Debug|x86.Build.0 = Debug|Any CPU
		{53581C87-6257-4584-8240-CD1926267FD7}.Release|Any CPU.ActiveCfg = Release|Any CPU
		{53581C87-6257-4584-8240-CD1926267FD7}.Release|Any CPU.Build.0 = Release|Any CPU
		{53581C87-6257-4584-8240-CD1926267FD7}.Release|x64.ActiveCfg = Release|Any CPU
		{53581C87-6257-4584-8240-CD1926267FD7}.Release|x64.Build.0 = Release|Any CPU
		{53581C87-6257-4584-8240-CD1926267FD7}.Release|x86.ActiveCfg = Release|Any CPU
		{53581C87-6257-4584-8240-CD1926267FD7}.Release|x86.Build.0 = Release|Any CPU
		{8999D791-0697-4F6E-8D86-560E98D92F15}.Debug|Any CPU.ActiveCfg = Debug|Any CPU
		{8999D791-0697-4F6E-8D86-560E98D92F15}.Debug|Any CPU.Build.0 = Debug|Any CPU
		{8999D791-0697-4F6E-8D86-560E98D92F15}.Debug|x64.ActiveCfg = Debug|Any CPU
		{8999D791-0697-4F6E-8D86-560E98D92F15}.Debug|x64.Build.0 = Debug|Any CPU
		{8999D791-0697-4F6E-8D86-560E98D92F15}.Debug|x86.ActiveCfg = Debug|Any CPU
		{8999D791-0697-4F6E-8D86-560E98D92F15}.Debug|x86.Build.0 = Debug|Any CPU
		{8999D791-0697-4F6E-8D86-560E98D92F15}.Release|Any CPU.ActiveCfg = Release|Any CPU
		{8999D791-0697-4F6E-8D86-560E98D92F15}.Release|Any CPU.Build.0 = Release|Any CPU
		{8999D791-0697-4F6E-8D86-560E98D92F15}.Release|x64.ActiveCfg = Release|Any CPU
		{8999D791-0697-4F6E-8D86-560E98D92F15}.Release|x64.Build.0 = Release|Any CPU
		{8999D791-0697-4F6E-8D86-560E98D92F15}.Release|x86.ActiveCfg = Release|Any CPU
		{8999D791-0697-4F6E-8D86-560E98D92F15}.Release|x86.Build.0 = Release|Any CPU
	EndGlobalSection
	GlobalSection(SolutionProperties) = preSolution
		HideSolutionNode = FALSE
	EndGlobalSection
	GlobalSection(NestedProjects) = preSolution
		{5FD36065-96BF-4341-844F-2047E34D28AE} = {827E0CD3-B72D-47B6-A68D-7590B98EB39B}
		{ABADD167-32F6-40D7-B12C-6D9CBEE107ED} = {827E0CD3-B72D-47B6-A68D-7590B98EB39B}
		{7CB45010-F251-48AE-8AF1-0160621A4F61} = {827E0CD3-B72D-47B6-A68D-7590B98EB39B}
		{A80059E2-FC9C-4888-ABA6-F4E631CE3C8F} = {827E0CD3-B72D-47B6-A68D-7590B98EB39B}
		{E669BBB8-9754-40C7-A6C1-A97B271CCD85} = {827E0CD3-B72D-47B6-A68D-7590B98EB39B}
		{21E5C92F-D197-467E-AA14-DFAF35DEEBDB} = {827E0CD3-B72D-47B6-A68D-7590B98EB39B}
		{9DF2121C-2DE0-48DB-9A04-5AD12BEC5966} = {827E0CD3-B72D-47B6-A68D-7590B98EB39B}
		{53581C87-6257-4584-8240-CD1926267FD7} = {C1234567-89AB-CDEF-0123-456789ABCDEF}
		{8999D791-0697-4F6E-8D86-560E98D92F15} = {C1234567-89AB-CDEF-0123-456789ABCDEF}
	EndGlobalSection
EndGlobal
